
Microsoft Visual Studio Solution File, Format Version 12.00
# Visual Studio Version 17
VisualStudioVersion = 17.1.32328.378
MinimumVisualStudioVersion = 10.0.40219.1
Project("{FAE04EC0-301F-11D3-BF4B-00C04F79EFBC}") = "ServerSmartTest", "ServerSmartTest\ServerSmartTest.csproj", "{863E5B65-C6BE-411C-96F3-5FB804FD7DC1}"
EndProject
Global
	GlobalSection(SolutionConfigurationPlatforms) = preSolution
		Debug|Any CPU = Debug|Any CPU
		Release|Any CPU = Release|Any CPU
	EndGlobalSection
	GlobalSection(ProjectConfigurationPlatforms) = postSolution
		{863E5B65-C6BE-411C-96F3-5FB804FD7DC1}.Debug|Any CPU.ActiveCfg = Debug|Any CPU
		{863E5B65-C6BE-411C-96F3-5FB804FD7DC1}.Debug|Any CPU.Build.0 = Debug|Any CPU
		{863E5B65-C6BE-411C-96F3-5FB804FD7DC1}.Release|Any CPU.ActiveCfg = Release|Any CPU
		{863E5B65-C6BE-411C-96F3-5FB804FD7DC1}.Release|Any CPU.Build.0 = Release|Any CPU
	EndGlobalSection
	GlobalSection(SolutionProperties) = preSolution
		HideSolutionNode = FALSE
	EndGlobalSection
	GlobalSection(ExtensibilityGlobals) = postSolution
		SolutionGuid = {DF814C38-299E-40CC-8DEE-73DD9D7965CF}
	EndGlobalSection
EndGlobal
